// !$*UTF8*$!
{
	archiveVersion = 1;
	classes = {
	};
	objectVersion = 50;
	objects = {

/* Begin PBXBuildFile section */
		697705F3214AA78100B2519B /* TSImageDownloadOperation.swift in Sources */ = {isa = PBXBuildFile; fileRef = 697705EA214AA78100B2519B /* TSImageDownloadOperation.swift */; };
		697705F4214AA78100B2519B /* TSImageDownloader.swift in Sources */ = {isa = PBXBuildFile; fileRef = 697705EB214AA78100B2519B /* TSImageDownloader.swift */; };
		697705F5214AA78100B2519B /* TSServerCommunicationManager.swift in Sources */ = {isa = PBXBuildFile; fileRef = 697705EC214AA78100B2519B /* TSServerCommunicationManager.swift */; };
		697705F7214AA78100B2519B /* TSHomeScreenViewController.swift in Sources */ = {isa = PBXBuildFile; fileRef = 697705F0214AA78100B2519B /* TSHomeScreenViewController.swift */; };
		697705F8214AA78100B2519B /* TSBaseViewController.swift in Sources */ = {isa = PBXBuildFile; fileRef = 697705F2214AA78100B2519B /* TSBaseViewController.swift */; };
		697705FE214AA85100B2519B /* TSImageToShowCaseAnimator.swift in Sources */ = {isa = PBXBuildFile; fileRef = 697705FC214AA85100B2519B /* TSImageToShowCaseAnimator.swift */; };
		69770604214AA90500B2519B /* Reachability.swift in Sources */ = {isa = PBXBuildFile; fileRef = 69770603214AA90500B2519B /* Reachability.swift */; };
		6977060F214AA9A800B2519B /* TSHomeScreenViewController+CollectionView.swift in Sources */ = {isa = PBXBuildFile; fileRef = 6977060C214AA9A800B2519B /* TSHomeScreenViewController+CollectionView.swift */; };
		69770610214AA9A800B2519B /* TSHomeScreenViewController+SearchController.swift in Sources */ = {isa = PBXBuildFile; fileRef = 6977060D214AA9A800B2519B /* TSHomeScreenViewController+SearchController.swift */; };
		69770611214AA9A800B2519B /* TSHomeScreenViewController+Presentation.swift in Sources */ = {isa = PBXBuildFile; fileRef = 6977060E214AA9A800B2519B /* TSHomeScreenViewController+Presentation.swift */; };
		69770615214AAF4000B2519B /* TSImageModel.swift in Sources */ = {isa = PBXBuildFile; fileRef = 69770614214AAF4000B2519B /* TSImageModel.swift */; };
		6977061B214AB02D00B2519B /* TSAppConstants.swift in Sources */ = {isa = PBXBuildFile; fileRef = 6977061A214AB02D00B2519B /* TSAppConstants.swift */; };
		6977062B214AB79700B2519B /* TSSingleImageCollectionViewCell.swift in Sources */ = {isa = PBXBuildFile; fileRef = 69770627214AB79700B2519B /* TSSingleImageCollectionViewCell.swift */; };
		6977062C214AB79700B2519B /* TSImagesViewModel.swift in Sources */ = {isa = PBXBuildFile; fileRef = 6977062A214AB79700B2519B /* TSImagesViewModel.swift */; };
		69770636214AC11700B2519B /* TSSingleImageCollectionViewCell.xib in Resources */ = {isa = PBXBuildFile; fileRef = 69770635214AC11700B2519B /* TSSingleImageCollectionViewCell.xib */; };
		69AA81A6214A9A5F00D82771 /* AppDelegate.swift in Sources */ = {isa = PBXBuildFile; fileRef = 69AA81A5214A9A5F00D82771 /* AppDelegate.swift */; };
		69AA81AB214A9A5F00D82771 /* Main.storyboard in Resources */ = {isa = PBXBuildFile; fileRef = 69AA81A9214A9A5F00D82771 /* Main.storyboard */; };
		69AA81AD214A9A6000D82771 /* Assets.xcassets in Resources */ = {isa = PBXBuildFile; fileRef = 69AA81AC214A9A6000D82771 /* Assets.xcassets */; };
		69AA81B0214A9A6000D82771 /* LaunchScreen.storyboard in Resources */ = {isa = PBXBuildFile; fileRef = 69AA81AE214A9A6000D82771 /* LaunchScreen.storyboard */; };
		69F48F09214BE4FD005C68A0 /* TSImageShowCaseViewController.swift in Sources */ = {isa = PBXBuildFile; fileRef = 69F48F08214BE4FD005C68A0 /* TSImageShowCaseViewController.swift */; };
		69F48F0D214BE63D005C68A0 /* TSShowCaseViewModel.swift in Sources */ = {isa = PBXBuildFile; fileRef = 69F48F0C214BE63D005C68A0 /* TSShowCaseViewModel.swift */; };
		69F48F10214C0371005C68A0 /* TSCommonExtensions.swift in Sources */ = {isa = PBXBuildFile; fileRef = 69F48F0F214C0371005C68A0 /* TSCommonExtensions.swift */; };
/* End PBXBuildFile section */

/* Begin PBXFileReference section */
		697705EA214AA78100B2519B /* TSImageDownloadOperation.swift */ = {isa = PBXFileReference; fileEncoding = 4; lastKnownFileType = sourcecode.swift; path = TSImageDownloadOperation.swift; sourceTree = "<group>"; };
		697705EB214AA78100B2519B /* TSImageDownloader.swift */ = {isa = PBXFileReference; fileEncoding = 4; lastKnownFileType = sourcecode.swift; path = TSImageDownloader.swift; sourceTree = "<group>"; };
		697705EC214AA78100B2519B /* TSServerCommunicationManager.swift */ = {isa = PBXFileReference; fileEncoding = 4; lastKnownFileType = sourcecode.swift; path = TSServerCommunicationManager.swift; sourceTree = "<group>"; };
		697705F0214AA78100B2519B /* TSHomeScreenViewController.swift */ = {isa = PBXFileReference; fileEncoding = 4; lastKnownFileType = sourcecode.swift; path = TSHomeScreenViewController.swift; sourceTree = "<group>"; };
		697705F2214AA78100B2519B /* TSBaseViewController.swift */ = {isa = PBXFileReference; fileEncoding = 4; lastKnownFileType = sourcecode.swift; path = TSBaseViewController.swift; sourceTree = "<group>"; };
		697705FC214AA85100B2519B /* TSImageToShowCaseAnimator.swift */ = {isa = PBXFileReference; fileEncoding = 4; lastKnownFileType = sourcecode.swift; path = TSImageToShowCaseAnimator.swift; sourceTree = "<group>"; };
		69770603214AA90500B2519B /* Reachability.swift */ = {isa = PBXFileReference; fileEncoding = 4; lastKnownFileType = sourcecode.swift; path = Reachability.swift; sourceTree = "<group>"; };
		6977060C214AA9A800B2519B /* TSHomeScreenViewController+CollectionView.swift */ = {isa = PBXFileReference; fileEncoding = 4; lastKnownFileType = sourcecode.swift; path = "TSHomeScreenViewController+CollectionView.swift"; sourceTree = "<group>"; };
		6977060D214AA9A800B2519B /* TSHomeScreenViewController+SearchController.swift */ = {isa = PBXFileReference; fileEncoding = 4; lastKnownFileType = sourcecode.swift; path = "TSHomeScreenViewController+SearchController.swift"; sourceTree = "<group>"; };
		6977060E214AA9A800B2519B /* TSHomeScreenViewController+Presentation.swift */ = {isa = PBXFileReference; fileEncoding = 4; lastKnownFileType = sourcecode.swift; path = "TSHomeScreenViewController+Presentation.swift"; sourceTree = "<group>"; };
		69770614214AAF4000B2519B /* TSImageModel.swift */ = {isa = PBXFileReference; fileEncoding = 4; lastKnownFileType = sourcecode.swift; path = TSImageModel.swift; sourceTree = "<group>"; };
		6977061A214AB02D00B2519B /* TSAppConstants.swift */ = {isa = PBXFileReference; fileEncoding = 4; lastKnownFileType = sourcecode.swift; path = TSAppConstants.swift; sourceTree = "<group>"; };
		69770627214AB79700B2519B /* TSSingleImageCollectionViewCell.swift */ = {isa = PBXFileReference; fileEncoding = 4; lastKnownFileType = sourcecode.swift; path = TSSingleImageCollectionViewCell.swift; sourceTree = "<group>"; };
		6977062A214AB79700B2519B /* TSImagesViewModel.swift */ = {isa = PBXFileReference; fileEncoding = 4; lastKnownFileType = sourcecode.swift; path = TSImagesViewModel.swift; sourceTree = "<group>"; };
		69770635214AC11700B2519B /* TSSingleImageCollectionViewCell.xib */ = {isa = PBXFileReference; fileEncoding = 4; lastKnownFileType = file.xib; path = TSSingleImageCollectionViewCell.xib; sourceTree = "<group>"; };
		69AA81A2214A9A5F00D82771 /* Image Search.app */ = {isa = PBXFileReference; explicitFileType = wrapper.application; includeInIndex = 0; path = "Image Search.app"; sourceTree = BUILT_PRODUCTS_DIR; };
		69AA81A5214A9A5F00D82771 /* AppDelegate.swift */ = {isa = PBXFileReference; lastKnownFileType = sourcecode.swift; path = AppDelegate.swift; sourceTree = "<group>"; };
		69AA81AA214A9A5F00D82771 /* Base */ = {isa = PBXFileReference; lastKnownFileType = file.storyboard; name = Base; path = Base.lproj/Main.storyboard; sourceTree = "<group>"; };
		69AA81AC214A9A6000D82771 /* Assets.xcassets */ = {isa = PBXFileReference; lastKnownFileType = folder.assetcatalog; path = Assets.xcassets; sourceTree = "<group>"; };
		69AA81AF214A9A6000D82771 /* Base */ = {isa = PBXFileReference; lastKnownFileType = file.storyboard; name = Base; path = Base.lproj/LaunchScreen.storyboard; sourceTree = "<group>"; };
		69AA81B1214A9A6100D82771 /* Info.plist */ = {isa = PBXFileReference; lastKnownFileType = text.plist.xml; path = Info.plist; sourceTree = "<group>"; };
		69F48F08214BE4FD005C68A0 /* TSImageShowCaseViewController.swift */ = {isa = PBXFileReference; fileEncoding = 4; lastKnownFileType = sourcecode.swift; path = TSImageShowCaseViewController.swift; sourceTree = "<group>"; };
		69F48F0C214BE63D005C68A0 /* TSShowCaseViewModel.swift */ = {isa = PBXFileReference; fileEncoding = 4; lastKnownFileType = sourcecode.swift; path = TSShowCaseViewModel.swift; sourceTree = "<group>"; };
		69F48F0F214C0371005C68A0 /* TSCommonExtensions.swift */ = {isa = PBXFileReference; fileEncoding = 4; lastKnownFileType = sourcecode.swift; path = TSCommonExtensions.swift; sourceTree = "<group>"; };
/* End PBXFileReference section */

/* Begin PBXFrameworksBuildPhase section */
		69AA819F214A9A5F00D82771 /* Frameworks */ = {
			isa = PBXFrameworksBuildPhase;
			buildActionMask = 2147483647;
			files = (
			);
			runOnlyForDeploymentPostprocessing = 0;
		};
/* End PBXFrameworksBuildPhase section */

/* Begin PBXGroup section */
		0357A379214E67F9005492C7 /* Managers */ = {
			isa = PBXGroup;
			children = (
				0357A37A214E6812005492C7 /* ImageDownloader */,
			);
			path = Managers;
			sourceTree = "<group>";
		};
		0357A37A214E6812005492C7 /* ImageDownloader */ = {
			isa = PBXGroup;
			children = (
				697705EB214AA78100B2519B /* TSImageDownloader.swift */,
			);
			path = ImageDownloader;
			sourceTree = "<group>";
		};
		0357A37C214E9C73005492C7 /* ImageToShowCaseAnimator */ = {
			isa = PBXGroup;
			children = (
				697705FC214AA85100B2519B /* TSImageToShowCaseAnimator.swift */,
			);
			path = ImageToShowCaseAnimator;
			sourceTree = "<group>";
		};
		0357A37D214E9C91005492C7 /* CommonExtensions */ = {
			isa = PBXGroup;
			children = (
				69F48F0F214C0371005C68A0 /* TSCommonExtensions.swift */,
			);
			path = CommonExtensions;
			sourceTree = "<group>";
		};
		697705E9214AA78100B2519B /* Networking */ = {
			isa = PBXGroup;
			children = (
				697705EA214AA78100B2519B /* TSImageDownloadOperation.swift */,
				697705EC214AA78100B2519B /* TSServerCommunicationManager.swift */,
			);
			path = Networking;
			sourceTree = "<group>";
		};
		697705EE214AA78100B2519B /* View Controllers */ = {
			isa = PBXGroup;
			children = (
				69AA81A9214A9A5F00D82771 /* Main.storyboard */,
				697705F1214AA78100B2519B /* BaseViewController */,
				697705EF214AA78100B2519B /* HomeScreenViewController */,
				69F48F07214BE4FD005C68A0 /* ImageShowCaseViewController */,
			);
			path = "View Controllers";
			sourceTree = "<group>";
		};
		697705EF214AA78100B2519B /* HomeScreenViewController */ = {
			isa = PBXGroup;
			children = (
				697705F0214AA78100B2519B /* TSHomeScreenViewController.swift */,
				69770628214AB79700B2519B /* View Models */,
				6977060B214AA9A800B2519B /* Extensions */,
			);
			path = HomeScreenViewController;
			sourceTree = "<group>";
		};
		697705F1214AA78100B2519B /* BaseViewController */ = {
			isa = PBXGroup;
			children = (
				697705F2214AA78100B2519B /* TSBaseViewController.swift */,
			);
			path = BaseViewController;
			sourceTree = "<group>";
		};
		697705F9214AA85100B2519B /* Utilities */ = {
			isa = PBXGroup;
			children = (
				697705FF214AA8BB00B2519B /* Networking */,
				697705FA214AA85100B2519B /* Animations Helpers */,
				69F48F0E214C0371005C68A0 /* Extensions */,
			);
			path = Utilities;
			sourceTree = "<group>";
		};
		697705FA214AA85100B2519B /* Animations Helpers */ = {
			isa = PBXGroup;
			children = (
				0357A37C214E9C73005492C7 /* ImageToShowCaseAnimator */,
			);
			path = "Animations Helpers";
			sourceTree = "<group>";
		};
		697705FF214AA8BB00B2519B /* Networking */ = {
			isa = PBXGroup;
			children = (
				69770602214AA90500B2519B /* Reachability */,
			);
			path = Networking;
			sourceTree = "<group>";
		};
		69770602214AA90500B2519B /* Reachability */ = {
			isa = PBXGroup;
			children = (
				69770603214AA90500B2519B /* Reachability.swift */,
			);
			path = Reachability;
			sourceTree = "<group>";
		};
		6977060B214AA9A800B2519B /* Extensions */ = {
			isa = PBXGroup;
			children = (
				6977060C214AA9A800B2519B /* TSHomeScreenViewController+CollectionView.swift */,
				6977060D214AA9A800B2519B /* TSHomeScreenViewController+SearchController.swift */,
				6977060E214AA9A800B2519B /* TSHomeScreenViewController+Presentation.swift */,
			);
			path = Extensions;
			sourceTree = "<group>";
		};
		69770612214AAF4000B2519B /* Data Models */ = {
			isa = PBXGroup;
			children = (
				69770613214AAF4000B2519B /* ImageModel */,
			);
			path = "Data Models";
			sourceTree = "<group>";
		};
		69770613214AAF4000B2519B /* ImageModel */ = {
			isa = PBXGroup;
			children = (
				69770614214AAF4000B2519B /* TSImageModel.swift */,
			);
			path = ImageModel;
			sourceTree = "<group>";
		};
		69770616214AAFD500B2519B /* Constants */ = {
			isa = PBXGroup;
			children = (
				69770619214AB02D00B2519B /* TSAppConstants */,
			);
			path = Constants;
			sourceTree = "<group>";
		};
		69770619214AB02D00B2519B /* TSAppConstants */ = {
			isa = PBXGroup;
			children = (
				6977061A214AB02D00B2519B /* TSAppConstants.swift */,
			);
			path = TSAppConstants;
			sourceTree = "<group>";
		};
		69770624214AB79700B2519B /* Views */ = {
			isa = PBXGroup;
			children = (
				69770625214AB79700B2519B /* Cells */,
			);
			path = Views;
			sourceTree = "<group>";
		};
		69770625214AB79700B2519B /* Cells */ = {
			isa = PBXGroup;
			children = (
				69770626214AB79700B2519B /* Collection View Cells */,
			);
			path = Cells;
			sourceTree = "<group>";
		};
		69770626214AB79700B2519B /* Collection View Cells */ = {
			isa = PBXGroup;
			children = (
				69770637214AC69500B2519B /* SingleImageCollectionViewCell */,
			);
			path = "Collection View Cells";
			sourceTree = "<group>";
		};
		69770628214AB79700B2519B /* View Models */ = {
			isa = PBXGroup;
			children = (
				69770629214AB79700B2519B /* ImagesViewModel */,
			);
			path = "View Models";
			sourceTree = "<group>";
		};
		69770629214AB79700B2519B /* ImagesViewModel */ = {
			isa = PBXGroup;
			children = (
				6977062A214AB79700B2519B /* TSImagesViewModel.swift */,
			);
			path = ImagesViewModel;
			sourceTree = "<group>";
		};
		6977062D214AB7D500B2519B /* Application Delegate */ = {
			isa = PBXGroup;
			children = (
				69AA81A5214A9A5F00D82771 /* AppDelegate.swift */,
			);
			path = "Application Delegate";
			sourceTree = "<group>";
		};
		69770637214AC69500B2519B /* SingleImageCollectionViewCell */ = {
			isa = PBXGroup;
			children = (
				69770627214AB79700B2519B /* TSSingleImageCollectionViewCell.swift */,
				69770635214AC11700B2519B /* TSSingleImageCollectionViewCell.xib */,
			);
			path = SingleImageCollectionViewCell;
			sourceTree = "<group>";
		};
		69AA8199214A9A5F00D82771 = {
			isa = PBXGroup;
			children = (
				69AA81A4214A9A5F00D82771 /* Image Search */,
				69AA81A3214A9A5F00D82771 /* Products */,
			);
			sourceTree = "<group>";
		};
		69AA81A3214A9A5F00D82771 /* Products */ = {
			isa = PBXGroup;
			children = (
				69AA81A2214A9A5F00D82771 /* Image Search.app */,
			);
			name = Products;
			sourceTree = "<group>";
		};
		69AA81A4214A9A5F00D82771 /* Image Search */ = {
			isa = PBXGroup;
			children = (
				69770616214AAFD500B2519B /* Constants */,
				697705F9214AA85100B2519B /* Utilities */,
				0357A379214E67F9005492C7 /* Managers */,
				697705E9214AA78100B2519B /* Networking */,
				69770624214AB79700B2519B /* Views */,
				69770612214AAF4000B2519B /* Data Models */,
				697705EE214AA78100B2519B /* View Controllers */,
				6977062D214AB7D500B2519B /* Application Delegate */,
				69AA81AC214A9A6000D82771 /* Assets.xcassets */,
				69AA81AE214A9A6000D82771 /* LaunchScreen.storyboard */,
				69AA81B1214A9A6100D82771 /* Info.plist */,
			);
			path = "Image Search";
			sourceTree = "<group>";
		};
		69F48F07214BE4FD005C68A0 /* ImageShowCaseViewController */ = {
			isa = PBXGroup;
			children = (
				69F48F08214BE4FD005C68A0 /* TSImageShowCaseViewController.swift */,
				69F48F0A214BE63D005C68A0 /* View Models */,
			);
			path = ImageShowCaseViewController;
			sourceTree = "<group>";
		};
		69F48F0A214BE63D005C68A0 /* View Models */ = {
			isa = PBXGroup;
			children = (
				69F48F0B214BE63D005C68A0 /* ShowCaseViewModel */,
			);
			path = "View Models";
			sourceTree = "<group>";
		};
		69F48F0B214BE63D005C68A0 /* ShowCaseViewModel */ = {
			isa = PBXGroup;
			children = (
				69F48F0C214BE63D005C68A0 /* TSShowCaseViewModel.swift */,
			);
			path = ShowCaseViewModel;
			sourceTree = "<group>";
		};
		69F48F0E214C0371005C68A0 /* Extensions */ = {
			isa = PBXGroup;
			children = (
				0357A37D214E9C91005492C7 /* CommonExtensions */,
			);
			path = Extensions;
			sourceTree = "<group>";
		};
/* End PBXGroup section */

/* Begin PBXNativeTarget section */
		69AA81A1214A9A5F00D82771 /* Image Search */ = {
			isa = PBXNativeTarget;
			buildConfigurationList = 69AA81B4214A9A6100D82771 /* Build configuration list for PBXNativeTarget "Image Search" */;
			buildPhases = (
				69AA819E214A9A5F00D82771 /* Sources */,
				69AA819F214A9A5F00D82771 /* Frameworks */,
				69AA81A0214A9A5F00D82771 /* Resources */,
				0357A37E214EA130005492C7 /* ShellScript */,
			);
			buildRules = (
			);
			dependencies = (
			);
			name = "Image Search";
			productName = "Image Search";
			productReference = 69AA81A2214A9A5F00D82771 /* Image Search.app */;
			productType = "com.apple.product-type.application";
		};
/* End PBXNativeTarget section */

/* Begin PBXProject section */
		69AA819A214A9A5F00D82771 /* Project object */ = {
			isa = PBXProject;
			attributes = {
				LastSwiftUpdateCheck = 0940;
				LastUpgradeCheck = 0940;
				ORGANIZATIONNAME = "T-System";
				TargetAttributes = {
					69AA81A1214A9A5F00D82771 = {
						CreatedOnToolsVersion = 9.4.1;
					};
				};
			};
			buildConfigurationList = 69AA819D214A9A5F00D82771 /* Build configuration list for PBXProject "Image Search" */;
			compatibilityVersion = "Xcode 9.3";
			developmentRegion = en;
			hasScannedForEncodings = 0;
			knownRegions = (
				en,
				Base,
			);
			mainGroup = 69AA8199214A9A5F00D82771;
			productRefGroup = 69AA81A3214A9A5F00D82771 /* Products */;
			projectDirPath = "";
			projectRoot = "";
			targets = (
				69AA81A1214A9A5F00D82771 /* Image Search */,
			);
		};
/* End PBXProject section */

/* Begin PBXResourcesBuildPhase section */
		69AA81A0214A9A5F00D82771 /* Resources */ = {
			isa = PBXResourcesBuildPhase;
			buildActionMask = 2147483647;
			files = (
				69AA81B0214A9A6000D82771 /* LaunchScreen.storyboard in Resources */,
				69770636214AC11700B2519B /* TSSingleImageCollectionViewCell.xib in Resources */,
				69AA81AD214A9A6000D82771 /* Assets.xcassets in Resources */,
				69AA81AB214A9A5F00D82771 /* Main.storyboard in Resources */,
			);
			runOnlyForDeploymentPostprocessing = 0;
		};
/* End PBXResourcesBuildPhase section */

/* Begin PBXShellScriptBuildPhase section */
		0357A37E214EA130005492C7 /* ShellScript */ = {
			isa = PBXShellScriptBuildPhase;
			buildActionMask = 2147483647;
			files = (
			);
			inputPaths = (
			);
			outputPaths = (
			);
			runOnlyForDeploymentPostprocessing = 0;
			shellPath = /bin/sh;
			shellScript = "TAGS=\"TODO:|FIXME:|WARNING:\"\nERRORTAG=\"ERROR:\"\nfind \"${SRCROOT}\" \\( -name \"*.h\" -or -name \"*.m\" -or -name \"*.swift\" \\) -print0 | xargs -0 egrep --with-filename --line-number --only-matching \"($TAGS).*\\$|($ERRORTAG).*\\$\" | perl -p -e \"s/($TAGS)/ warning: \\$1/\"| perl -p -e \"s/($ERRORTAG)/ error: \\$1/\"";
		};
/* End PBXShellScriptBuildPhase section */

/* Begin PBXSourcesBuildPhase section */
		69AA819E214A9A5F00D82771 /* Sources */ = {
			isa = PBXSourcesBuildPhase;
			buildActionMask = 2147483647;
			files = (
				697705F5214AA78100B2519B /* TSServerCommunicationManager.swift in Sources */,
				697705F7214AA78100B2519B /* TSHomeScreenViewController.swift in Sources */,
				6977062C214AB79700B2519B /* TSImagesViewModel.swift in Sources */,
				6977060F214AA9A800B2519B /* TSHomeScreenViewController+CollectionView.swift in Sources */,
				6977061B214AB02D00B2519B /* TSAppConstants.swift in Sources */,
				69AA81A6214A9A5F00D82771 /* AppDelegate.swift in Sources */,
				697705F8214AA78100B2519B /* TSBaseViewController.swift in Sources */,
				69770610214AA9A800B2519B /* TSHomeScreenViewController+SearchController.swift in Sources */,
				697705FE214AA85100B2519B /* TSImageToShowCaseAnimator.swift in Sources */,
				69770604214AA90500B2519B /* Reachability.swift in Sources */,
				69F48F0D214BE63D005C68A0 /* TSShowCaseViewModel.swift in Sources */,
				69770611214AA9A800B2519B /* TSHomeScreenViewController+Presentation.swift in Sources */,
				69F48F10214C0371005C68A0 /* TSCommonExtensions.swift in Sources */,
				6977062B214AB79700B2519B /* TSSingleImageCollectionViewCell.swift in Sources */,
				69F48F09214BE4FD005C68A0 /* TSImageShowCaseViewController.swift in Sources */,
				697705F4214AA78100B2519B /* TSImageDownloader.swift in Sources */,
				697705F3214AA78100B2519B /* TSImageDownloadOperation.swift in Sources */,
				69770615214AAF4000B2519B /* TSImageModel.swift in Sources */,
			);
			runOnlyForDeploymentPostprocessing = 0;
		};
/* End PBXSourcesBuildPhase section */

/* Begin PBXVariantGroup section */
		69AA81A9214A9A5F00D82771 /* Main.storyboard */ = {
			isa = PBXVariantGroup;
			children = (
				69AA81AA214A9A5F00D82771 /* Base */,
			);
			name = Main.storyboard;
			sourceTree = "<group>";
		};
		69AA81AE214A9A6000D82771 /* LaunchScreen.storyboard */ = {
			isa = PBXVariantGroup;
			children = (
				69AA81AF214A9A6000D82771 /* Base */,
			);
			name = LaunchScreen.storyboard;
			sourceTree = "<group>";
		};
/* End PBXVariantGroup section */

/* Begin XCBuildConfiguration section */
		69AA81B2214A9A6100D82771 /* Debug */ = {
			isa = XCBuildConfiguration;
			buildSettings = {
				ALWAYS_SEARCH_USER_PATHS = NO;
				CLANG_ANALYZER_NONNULL = YES;
				CLANG_ANALYZER_NUMBER_OBJECT_CONVERSION = YES_AGGRESSIVE;
				CLANG_CXX_LANGUAGE_STANDARD = "gnu++14";
				CLANG_CXX_LIBRARY = "libc++";
				CLANG_ENABLE_MODULES = YES;
				CLANG_ENABLE_OBJC_ARC = YES;
				CLANG_ENABLE_OBJC_WEAK = YES;
				CLANG_WARN_BLOCK_CAPTURE_AUTORELEASING = YES;
				CLANG_WARN_BOOL_CONVERSION = YES;
				CLANG_WARN_COMMA = YES;
				CLANG_WARN_CONSTANT_CONVERSION = YES;
				CLANG_WARN_DEPRECATED_OBJC_IMPLEMENTATIONS = YES;
				CLANG_WARN_DIRECT_OBJC_ISA_USAGE = YES_ERROR;
				CLANG_WARN_DOCUMENTATION_COMMENTS = YES;
				CLANG_WARN_EMPTY_BODY = YES;
				CLANG_WARN_ENUM_CONVERSION = YES;
				CLANG_WARN_INFINITE_RECURSION = YES;
				CLANG_WARN_INT_CONVERSION = YES;
				CLANG_WARN_NON_LITERAL_NULL_CONVERSION = YES;
				CLANG_WARN_OBJC_IMPLICIT_RETAIN_SELF = YES;
				CLANG_WARN_OBJC_LITERAL_CONVERSION = YES;
				CLANG_WARN_OBJC_ROOT_CLASS = YES_ERROR;
				CLANG_WARN_RANGE_LOOP_ANALYSIS = YES;
				CLANG_WARN_STRICT_PROTOTYPES = YES;
				CLANG_WARN_SUSPICIOUS_MOVE = YES;
				CLANG_WARN_UNGUARDED_AVAILABILITY = YES_AGGRESSIVE;
				CLANG_WARN_UNREACHABLE_CODE = YES;
				CLANG_WARN__DUPLICATE_METHOD_MATCH = YES;
				CODE_SIGN_IDENTITY = "iPhone Developer";
				COPY_PHASE_STRIP = NO;
				DEBUG_INFORMATION_FORMAT = dwarf;
				ENABLE_STRICT_OBJC_MSGSEND = YES;
				ENABLE_TESTABILITY = YES;
				GCC_C_LANGUAGE_STANDARD = gnu11;
				GCC_DYNAMIC_NO_PIC = NO;
				GCC_NO_COMMON_BLOCKS = YES;
				GCC_OPTIMIZATION_LEVEL = 0;
				GCC_PREPROCESSOR_DEFINITIONS = (
					"DEBUG=1",
					"$(inherited)",
				);
				GCC_WARN_64_TO_32_BIT_CONVERSION = YES;
				GCC_WARN_ABOUT_RETURN_TYPE = YES_ERROR;
				GCC_WARN_UNDECLARED_SELECTOR = YES;
				GCC_WARN_UNINITIALIZED_AUTOS = YES_AGGRESSIVE;
				GCC_WARN_UNUSED_FUNCTION = YES;
				GCC_WARN_UNUSED_VARIABLE = YES;
				IPHONEOS_DEPLOYMENT_TARGET = 11.4;
				MTL_ENABLE_DEBUG_INFO = YES;
				ONLY_ACTIVE_ARCH = YES;
				SDKROOT = iphoneos;
				SWIFT_ACTIVE_COMPILATION_CONDITIONS = DEBUG;
				SWIFT_OPTIMIZATION_LEVEL = "-Onone";
			};
			name = Debug;
		};
		69AA81B3214A9A6100D82771 /* Release */ = {
			isa = XCBuildConfiguration;
			buildSettings = {
				ALWAYS_SEARCH_USER_PATHS = NO;
				CLANG_ANALYZER_NONNULL = YES;
				CLANG_ANALYZER_NUMBER_OBJECT_CONVERSION = YES_AGGRESSIVE;
				CLANG_CXX_LANGUAGE_STANDARD = "gnu++14";
				CLANG_CXX_LIBRARY = "libc++";
				CLANG_ENABLE_MODULES = YES;
				CLANG_ENABLE_OBJC_ARC = YES;
				CLANG_ENABLE_OBJC_WEAK = YES;
				CLANG_WARN_BLOCK_CAPTURE_AUTORELEASING = YES;
				CLANG_WARN_BOOL_CONVERSION = YES;
				CLANG_WARN_COMMA = YES;
				CLANG_WARN_CONSTANT_CONVERSION = YES;
				CLANG_WARN_DEPRECATED_OBJC_IMPLEMENTATIONS = YES;
				CLANG_WARN_DIRECT_OBJC_ISA_USAGE = YES_ERROR;
				CLANG_WARN_DOCUMENTATION_COMMENTS = YES;
				CLANG_WARN_EMPTY_BODY = YES;
				CLANG_WARN_ENUM_CONVERSION = YES;
				CLANG_WARN_INFINITE_RECURSION = YES;
				CLANG_WARN_INT_CONVERSION = YES;
				CLANG_WARN_NON_LITERAL_NULL_CONVERSION = YES;
				CLANG_WARN_OBJC_IMPLICIT_RETAIN_SELF = YES;
				CLANG_WARN_OBJC_LITERAL_CONVERSION = YES;
				CLANG_WARN_OBJC_ROOT_CLASS = YES_ERROR;
				CLANG_WARN_RANGE_LOOP_ANALYSIS = YES;
				CLANG_WARN_STRICT_PROTOTYPES = YES;
				CLANG_WARN_SUSPICIOUS_MOVE = YES;
				CLANG_WARN_UNGUARDED_AVAILABILITY = YES_AGGRESSIVE;
				CLANG_WARN_UNREACHABLE_CODE = YES;
				CLANG_WARN__DUPLICATE_METHOD_MATCH = YES;
				CODE_SIGN_IDENTITY = "iPhone Developer";
				COPY_PHASE_STRIP = NO;
				DEBUG_INFORMATION_FORMAT = "dwarf-with-dsym";
				ENABLE_NS_ASSERTIONS = NO;
				ENABLE_STRICT_OBJC_MSGSEND = YES;
				GCC_C_LANGUAGE_STANDARD = gnu11;
				GCC_NO_COMMON_BLOCKS = YES;
				GCC_WARN_64_TO_32_BIT_CONVERSION = YES;
				GCC_WARN_ABOUT_RETURN_TYPE = YES_ERROR;
				GCC_WARN_UNDECLARED_SELECTOR = YES;
				GCC_WARN_UNINITIALIZED_AUTOS = YES_AGGRESSIVE;
				GCC_WARN_UNUSED_FUNCTION = YES;
				GCC_WARN_UNUSED_VARIABLE = YES;
				IPHONEOS_DEPLOYMENT_TARGET = 11.4;
				MTL_ENABLE_DEBUG_INFO = NO;
				SDKROOT = iphoneos;
				SWIFT_COMPILATION_MODE = wholemodule;
				SWIFT_OPTIMIZATION_LEVEL = "-O";
				VALIDATE_PRODUCT = YES;
			};
			name = Release;
		};
		69AA81B5214A9A6100D82771 /* Debug */ = {
			isa = XCBuildConfiguration;
			buildSettings = {
				ASSETCATALOG_COMPILER_APPICON_NAME = AppIcon;
				CODE_SIGN_STYLE = Automatic;
				INFOPLIST_FILE = "Image Search/Info.plist";
				LD_RUNPATH_SEARCH_PATHS = (
					"$(inherited)",
					"@executable_path/Frameworks",
				);
				PRODUCT_BUNDLE_IDENTIFIER = "com.tsystem.image-search.Image-Search";
				PRODUCT_NAME = "$(TARGET_NAME)";
				SWIFT_VERSION = 4.0;
				TARGETED_DEVICE_FAMILY = "1,2";
			};
			name = Debug;
		};
		69AA81B6214A9A6100D82771 /* Release */ = {
			isa = XCBuildConfiguration;
			buildSettings = {
				ASSETCATALOG_COMPILER_APPICON_NAME = AppIcon;
				CODE_SIGN_STYLE = Automatic;
				INFOPLIST_FILE = "Image Search/Info.plist";
				LD_RUNPATH_SEARCH_PATHS = (
					"$(inherited)",
					"@executable_path/Frameworks",
				);
				PRODUCT_BUNDLE_IDENTIFIER = "com.tsystem.image-search.Image-Search";
				PRODUCT_NAME = "$(TARGET_NAME)";
				SWIFT_VERSION = 4.0;
				TARGETED_DEVICE_FAMILY = "1,2";
			};
			name = Release;
		};
/* End XCBuildConfiguration section */

/* Begin XCConfigurationList section */
		69AA819D214A9A5F00D82771 /* Build configuration list for PBXProject "Image Search" */ = {
			isa = XCConfigurationList;
			buildConfigurations = (
				69AA81B2214A9A6100D82771 /* Debug */,
				69AA81B3214A9A6100D82771 /* Release */,
			);
			defaultConfigurationIsVisible = 0;
			defaultConfigurationName = Release;
		};
		69AA81B4214A9A6100D82771 /* Build configuration list for PBXNativeTarget "Image Search" */ = {
			isa = XCConfigurationList;
			buildConfigurations = (
				69AA81B5214A9A6100D82771 /* Debug */,
				69AA81B6214A9A6100D82771 /* Release */,
			);
			defaultConfigurationIsVisible = 0;
			defaultConfigurationName = Release;
		};
/* End XCConfigurationList section */
	};
	rootObject = 69AA819A214A9A5F00D82771 /* Project object */;
}
